{
  "name": "benford-law",
  "version": "1.0.0",
  "lockfileVersion": 1,
  "requires": true,
  "dependencies": {
    "axios": {
      "version": "0.20.0",
      "resolved": "https://registry.npmjs.org/axios/-/axios-0.20.0.tgz",
      "integrity": "sha512-ANA4rr2BDcmmAQLOKft2fufrtuvlqR+cXNNinUmvfeSNCOF98PZL+7M/v1zIdGo7OLjEA9J2gXJL+j4zGsl0bA==",
      "requires": {
        "follow-redirects": "^1.10.0"
      }
    },
    "cejs": {
      "version": "3.8.4",
      "resolved": "https://registry.npmjs.org/cejs/-/cejs-3.8.4.tgz",
      "integrity": "sha512-TK3tVcSb2Au8dwtB2Y79jjPBbx0V5lsTndnH9cT4XhZsAuiOEQGVk45vauF9QMeEkjKT+l+PUKWtk4EmvzlhiQ=="
    },
    "follow-redirects": {
      "version": "1.13.0",
      "resolved": "https://registry.npmjs.org/follow-redirects/-/follow-redirects-1.13.0.tgz",
      "integrity": "sha512-aq6gF1BEKje4a9i9+5jimNFIpq4Q1WiwBToeRK5NvZBd/TRsmW8BsJfOEGkr76TbOyPVD3OVDN910EcUNtRYEA=="
    },
    "wikiapi": {
      "version": "1.10.1",
      "resolved": "https://registry.npmjs.org/wikiapi/-/wikiapi-1.10.1.tgz",
      "integrity": "sha512-OUCZ2fzR/CePGZBbUcH630ZJ7gw3kgvO/IC4J7eDbtiKW6dpnWe5KXREeaI3VFccD6DGeqdGo8UTVd1BMjEovw==",
      "requires": {
        "cejs": "^3.8.4"
      }
    }
  }
}
